
Microsoft Visual Studio Solution File, Format Version 12.00
# Visual Studio Version 17
VisualStudioVersion = 17.4.33403.182
MinimumVisualStudioVersion = 10.0.40219.1
Project("{9A19103F-16F7-4668-BE54-9A1E7A4F7556}") = "StarWarsApi", "StarWarsApi\StarWarsApi.csproj", "{99E20881-97A9-43D4-8C90-345024E5E8B4}"
EndProject
Project("{FAE04EC0-301F-11D3-BF4B-00C04F79EFBC}") = "StarWarsContext", "StarWarsContext\StarWarsContext.csproj", "{DCD1BC87-D85B-4024-9621-F79D5FD14306}"
EndProject
Project("{FAE04EC0-301F-11D3-BF4B-00C04F79EFBC}") = "StarWarsRepository", "StarWarsRepository\StarWarsRepository.csproj", "{78225B8B-CD63-4059-8E32-E7516D138CDA}"
EndProject
Global
	GlobalSection(SolutionConfigurationPlatforms) = preSolution
		Debug|Any CPU = Debug|Any CPU
		Release|Any CPU = Release|Any CPU
	EndGlobalSection
	GlobalSection(ProjectConfigurationPlatforms) = postSolution
		{99E20881-97A9-43D4-8C90-345024E5E8B4}.Debug|Any CPU.ActiveCfg = Debug|Any CPU
		{99E20881-97A9-43D4-8C90-345024E5E8B4}.Debug|Any CPU.Build.0 = Debug|Any CPU
		{99E20881-97A9-43D4-8C90-345024E5E8B4}.Release|Any CPU.ActiveCfg = Release|Any CPU
		{99E20881-97A9-43D4-8C90-345024E5E8B4}.Release|Any CPU.Build.0 = Release|Any CPU
		{DCD1BC87-D85B-4024-9621-F79D5FD14306}.Debug|Any CPU.ActiveCfg = Debug|Any CPU
		{DCD1BC87-D85B-4024-9621-F79D5FD14306}.Debug|Any CPU.Build.0 = Debug|Any CPU
		{DCD1BC87-D85B-4024-9621-F79D5FD14306}.Release|Any CPU.ActiveCfg = Release|Any CPU
		{DCD1BC87-D85B-4024-9621-F79D5FD14306}.Release|Any CPU.Build.0 = Release|Any CPU
		{78225B8B-CD63-4059-8E32-E7516D138CDA}.Debug|Any CPU.ActiveCfg = Debug|Any CPU
		{78225B8B-CD63-4059-8E32-E7516D138CDA}.Debug|Any CPU.Build.0 = Debug|Any CPU
		{78225B8B-CD63-4059-8E32-E7516D138CDA}.Release|Any CPU.ActiveCfg = Release|Any CPU
		{78225B8B-CD63-4059-8E32-E7516D138CDA}.Release|Any CPU.Build.0 = Release|Any CPU
	EndGlobalSection
	GlobalSection(SolutionProperties) = preSolution
		HideSolutionNode = FALSE
	EndGlobalSection
	GlobalSection(ExtensibilityGlobals) = postSolution
		SolutionGuid = {BA22A52B-C802-40F2-A3D0-18A518E7E273}
	EndGlobalSection
EndGlobal
